
Microsoft Visual Studio Solution File, Format Version 12.00
# Visual Studio 2013
VisualStudioVersion = 12.0.30723.0
MinimumVisualStudioVersion = 10.0.40219.1
Project("{FAE04EC0-301F-11D3-BF4B-00C04F79EFBC}") = "Hermes.Experiments", "Hermes.Experiments\Hermes.Experiments.csproj", "{EF389F2D-56D9-43DD-8D6B-146B50604D9F}"
EndProject
Project("{FAE04EC0-301F-11D3-BF4B-00C04F79EFBC}") = "Hermes.Experiments.Mvc", "Hermes.Experiments.Mvc\Hermes.Experiments.Mvc.csproj", "{6920CA3A-E214-4040-A169-6256453CD629}"
EndProject
Global
	GlobalSection(SolutionConfigurationPlatforms) = preSolution
		Debug|Any CPU = Debug|Any CPU
		Release|Any CPU = Release|Any CPU
	EndGlobalSection
	GlobalSection(ProjectConfigurationPlatforms) = postSolution
		{EF389F2D-56D9-43DD-8D6B-146B50604D9F}.Debug|Any CPU.ActiveCfg = Debug|Any CPU
		{EF389F2D-56D9-43DD-8D6B-146B50604D9F}.Debug|Any CPU.Build.0 = Debug|Any CPU
		{EF389F2D-56D9-43DD-8D6B-146B50604D9F}.Release|Any CPU.ActiveCfg = Release|Any CPU
		{EF389F2D-56D9-43DD-8D6B-146B50604D9F}.Release|Any CPU.Build.0 = Release|Any CPU
		{6920CA3A-E214-4040-A169-6256453CD629}.Debug|Any CPU.ActiveCfg = Debug|Any CPU
		{6920CA3A-E214-4040-A169-6256453CD629}.Debug|Any CPU.Build.0 = Debug|Any CPU
		{6920CA3A-E214-4040-A169-6256453CD629}.Release|Any CPU.ActiveCfg = Release|Any CPU
		{6920CA3A-E214-4040-A169-6256453CD629}.Release|Any CPU.Build.0 = Release|Any CPU
	EndGlobalSection
	GlobalSection(SolutionProperties) = preSolution
		HideSolutionNode = FALSE
	EndGlobalSection
EndGlobal
